
Microsoft Visual Studio Solution File, Format Version 12.00
# Visual Studio Version 16
VisualStudioVersion = 16.0.31624.102
MinimumVisualStudioVersion = 10.0.40219.1
Project("{FAE04EC0-301F-11D3-BF4B-00C04F79EFBC}") = "ChatServer", "ChatServer\ChatServer.csproj", "{9FD50564-2726-4B85-8FA4-23916D1BB923}"
EndProject
Global
	GlobalSection(SolutionConfigurationPlatforms) = preSolution
		Debug|Any CPU = Debug|Any CPU
		Release|Any CPU = Release|Any CPU
	EndGlobalSection
	GlobalSection(ProjectConfigurationPlatforms) = postSolution
		{9FD50564-2726-4B85-8FA4-23916D1BB923}.Debug|Any CPU.ActiveCfg = Debug|Any CPU
		{9FD50564-2726-4B85-8FA4-23916D1BB923}.Debug|Any CPU.Build.0 = Debug|Any CPU
		{9FD50564-2726-4B85-8FA4-23916D1BB923}.Release|Any CPU.ActiveCfg = Release|Any CPU
		{9FD50564-2726-4B85-8FA4-23916D1BB923}.Release|Any CPU.Build.0 = Release|Any CPU
	EndGlobalSection
	GlobalSection(SolutionProperties) = preSolution
		HideSolutionNode = FALSE
	EndGlobalSection
	GlobalSection(ExtensibilityGlobals) = postSolution
		SolutionGuid = {AAC34C91-89AE-43F1-A71F-5F41004D4C31}
	EndGlobalSection
EndGlobal
